
Microsoft Visual Studio Solution File, Format Version 12.00
# Visual Studio Version 17
VisualStudioVersion = 17.7.34202.233
MinimumVisualStudioVersion = 10.0.40219.1
Project("{FAE04EC0-301F-11D3-BF4B-00C04F79EFBC}") = "Desafio", "Desafio.csproj", "{74BA4443-9862-4C7F-A930-F8B23D153045}"
EndProject
Global
	GlobalSection(SolutionConfigurationPlatforms) = preSolution
		Debug|Any CPU = Debug|Any CPU
		Release|Any CPU = Release|Any CPU
	EndGlobalSection
	GlobalSection(ProjectConfigurationPlatforms) = postSolution
		{74BA4443-9862-4C7F-A930-F8B23D153045}.Debug|Any CPU.ActiveCfg = Debug|Any CPU
		{74BA4443-9862-4C7F-A930-F8B23D153045}.Debug|Any CPU.Build.0 = Debug|Any CPU
		{74BA4443-9862-4C7F-A930-F8B23D153045}.Release|Any CPU.ActiveCfg = Release|Any CPU
		{74BA4443-9862-4C7F-A930-F8B23D153045}.Release|Any CPU.Build.0 = Release|Any CPU
	EndGlobalSection
	GlobalSection(SolutionProperties) = preSolution
		HideSolutionNode = FALSE
	EndGlobalSection
	GlobalSection(ExtensibilityGlobals) = postSolution
		SolutionGuid = {27F6510D-601B-4756-AE74-2DA96F4F6E63}
	EndGlobalSection
EndGlobal
