
Microsoft Visual Studio Solution File, Format Version 12.00
# Visual Studio Version 17
VisualStudioVersion = 17.7.34202.233
MinimumVisualStudioVersion = 10.0.40219.1
Project("{FAE04EC0-301F-11D3-BF4B-00C04F79EFBC}") = "Atividade04", "Atividade04.csproj", "{F58E62D7-206E-4140-9AA8-ABFE4F7D5F64}"
EndProject
Global
	GlobalSection(SolutionConfigurationPlatforms) = preSolution
		Debug|Any CPU = Debug|Any CPU
		Release|Any CPU = Release|Any CPU
	EndGlobalSection
	GlobalSection(ProjectConfigurationPlatforms) = postSolution
		{F58E62D7-206E-4140-9AA8-ABFE4F7D5F64}.Debug|Any CPU.ActiveCfg = Debug|Any CPU
		{F58E62D7-206E-4140-9AA8-ABFE4F7D5F64}.Debug|Any CPU.Build.0 = Debug|Any CPU
		{F58E62D7-206E-4140-9AA8-ABFE4F7D5F64}.Release|Any CPU.ActiveCfg = Release|Any CPU
		{F58E62D7-206E-4140-9AA8-ABFE4F7D5F64}.Release|Any CPU.Build.0 = Release|Any CPU
	EndGlobalSection
	GlobalSection(SolutionProperties) = preSolution
		HideSolutionNode = FALSE
	EndGlobalSection
	GlobalSection(ExtensibilityGlobals) = postSolution
		SolutionGuid = {A91D027C-98CF-4683-AE2E-A37B5F571753}
	EndGlobalSection
EndGlobal
